{
  "object": {
    "pins": [
      {
        "package": "swift-argument-parser",
        "repositoryURL": "https://github.com/apple/swift-argument-parser",
        "state": {
          "branch": null,
          "revision": "9f04d1ff1afbccd02279338a2c91e5f27c45e93a",
          "version": "0.0.5"
        }
      },
      {
        "package": "SwiftImage",
        "repositoryURL": "https://github.com/koher/swift-image",
        "state": {
          "branch": null,
          "revision": "c61b8cf4613a7fc80d1c2a84231cef2909e837a1",
          "version": "0.7.1"
        }
      }
    ]
  },
  "version": 1
}
